
Microsoft Visual Studio Solution File, Format Version 12.00
# Visual Studio Version 17
VisualStudioVersion = 17.9.34622.214
MinimumVisualStudioVersion = 10.0.40219.1
Project("{8BC9CEB8-8B4A-11D0-8D11-00A0C91BC942}") = "Anchous_Project", "Anchous_Project\Anchous_Project.vcxproj", "{1213C1D4-2288-4AAD-82F5-84224EB95CB9}"
EndProject
Global
	GlobalSection(SolutionConfigurationPlatforms) = preSolution
		Debug|x64 = Debug|x64
		Debug|x86 = Debug|x86
		Release|x64 = Release|x64
		Release|x86 = Release|x86
	EndGlobalSection
	GlobalSection(ProjectConfigurationPlatforms) = postSolution
		{1213C1D4-2288-4AAD-82F5-84224EB95CB9}.Debug|x64.ActiveCfg = Debug|x64
		{1213C1D4-2288-4AAD-82F5-84224EB95CB9}.Debug|x64.Build.0 = Debug|x64
		{1213C1D4-2288-4AAD-82F5-84224EB95CB9}.Debug|x86.ActiveCfg = Debug|Win32
		{1213C1D4-2288-4AAD-82F5-84224EB95CB9}.Debug|x86.Build.0 = Debug|Win32
		{1213C1D4-2288-4AAD-82F5-84224EB95CB9}.Release|x64.ActiveCfg = Release|x64
		{1213C1D4-2288-4AAD-82F5-84224EB95CB9}.Release|x64.Build.0 = Release|x64
		{1213C1D4-2288-4AAD-82F5-84224EB95CB9}.Release|x86.ActiveCfg = Release|Win32
		{1213C1D4-2288-4AAD-82F5-84224EB95CB9}.Release|x86.Build.0 = Release|Win32
	EndGlobalSection
	GlobalSection(SolutionProperties) = preSolution
		HideSolutionNode = FALSE
	EndGlobalSection
	GlobalSection(ExtensibilityGlobals) = postSolution
		SolutionGuid = {197BD721-0BB6-4F1B-AAF9-0CD77FE39152}
	EndGlobalSection
EndGlobal
